
Microsoft Visual Studio Solution File, Format Version 12.00
# Visual Studio Version 17
VisualStudioVersion = 17.12.35527.113 d17.12
MinimumVisualStudioVersion = 10.0.40219.1
Project("{FAE04EC0-301F-11D3-BF4B-00C04F79EFBC}") = "RAA_WPFControlTest", "RAA_WPFControlTest.csproj", "{1C22EBC4-07E6-47B6-A030-20E9B8BDA701}"
EndProject
Global
	GlobalSection(SolutionConfigurationPlatforms) = preSolution
		Debug|Any CPU = Debug|Any CPU
		Release|Any CPU = Release|Any CPU
	EndGlobalSection
	GlobalSection(ProjectConfigurationPlatforms) = postSolution
		{1C22EBC4-07E6-47B6-A030-20E9B8BDA701}.Debug|Any CPU.ActiveCfg = Debug|Any CPU
		{1C22EBC4-07E6-47B6-A030-20E9B8BDA701}.Debug|Any CPU.Build.0 = Debug|Any CPU
		{1C22EBC4-07E6-47B6-A030-20E9B8BDA701}.Release|Any CPU.ActiveCfg = Release|Any CPU
		{1C22EBC4-07E6-47B6-A030-20E9B8BDA701}.Release|Any CPU.Build.0 = Release|Any CPU
	EndGlobalSection
	GlobalSection(SolutionProperties) = preSolution
		HideSolutionNode = FALSE
	EndGlobalSection
EndGlobal
